
Microsoft Visual Studio Solution File, Format Version 12.00
# Visual Studio Version 17
VisualStudioVersion = 17.2.32630.192
MinimumVisualStudioVersion = 10.0.40219.1
Project("{9A19103F-16F7-4668-BE54-9A1E7A4F7556}") = "CatalogWebApi", "CatalogWebApi\CatalogWebApi.csproj", "{E80A0650-5D89-4E26-96AF-952447BD906D}"
EndProject
Project("{9A19103F-16F7-4668-BE54-9A1E7A4F7556}") = "CatalogWebApi.Base", "CatalogWebApi.Base\CatalogWebApi.Base.csproj", "{AAC77BEA-1422-4EF7-A92B-9545960EAA53}"
EndProject
Project("{9A19103F-16F7-4668-BE54-9A1E7A4F7556}") = "CatalogWebApi.Data", "CatalogWebApi.Data\CatalogWebApi.Data.csproj", "{B14D3A21-B449-4FB3-A255-DE7BCBBB598B}"
EndProject
Project("{9A19103F-16F7-4668-BE54-9A1E7A4F7556}") = "CatalogWebApi.Dto", "CatalogWebApi.Dto\CatalogWebApi.Dto.csproj", "{3F4418AE-899E-4842-96D9-72EDDCF69CEF}"
EndProject
Project("{9A19103F-16F7-4668-BE54-9A1E7A4F7556}") = "CatalogWebApi.Service", "CatalogWebApi.Service\CatalogWebApi.Service.csproj", "{DDE1C83F-163E-429C-B928-E1875289B87C}"
EndProject
Global
	GlobalSection(SolutionConfigurationPlatforms) = preSolution
		Debug|Any CPU = Debug|Any CPU
		Release|Any CPU = Release|Any CPU
	EndGlobalSection
	GlobalSection(ProjectConfigurationPlatforms) = postSolution
		{E80A0650-5D89-4E26-96AF-952447BD906D}.Debug|Any CPU.ActiveCfg = Debug|Any CPU
		{E80A0650-5D89-4E26-96AF-952447BD906D}.Debug|Any CPU.Build.0 = Debug|Any CPU
		{E80A0650-5D89-4E26-96AF-952447BD906D}.Release|Any CPU.ActiveCfg = Release|Any CPU
		{E80A0650-5D89-4E26-96AF-952447BD906D}.Release|Any CPU.Build.0 = Release|Any CPU
		{AAC77BEA-1422-4EF7-A92B-9545960EAA53}.Debug|Any CPU.ActiveCfg = Debug|Any CPU
		{AAC77BEA-1422-4EF7-A92B-9545960EAA53}.Debug|Any CPU.Build.0 = Debug|Any CPU
		{AAC77BEA-1422-4EF7-A92B-9545960EAA53}.Release|Any CPU.ActiveCfg = Release|Any CPU
		{AAC77BEA-1422-4EF7-A92B-9545960EAA53}.Release|Any CPU.Build.0 = Release|Any CPU
		{B14D3A21-B449-4FB3-A255-DE7BCBBB598B}.Debug|Any CPU.ActiveCfg = Debug|Any CPU
		{B14D3A21-B449-4FB3-A255-DE7BCBBB598B}.Debug|Any CPU.Build.0 = Debug|Any CPU
		{B14D3A21-B449-4FB3-A255-DE7BCBBB598B}.Release|Any CPU.ActiveCfg = Release|Any CPU
		{B14D3A21-B449-4FB3-A255-DE7BCBBB598B}.Release|Any CPU.Build.0 = Release|Any CPU
		{3F4418AE-899E-4842-96D9-72EDDCF69CEF}.Debug|Any CPU.ActiveCfg = Debug|Any CPU
		{3F4418AE-899E-4842-96D9-72EDDCF69CEF}.Debug|Any CPU.Build.0 = Debug|Any CPU
		{3F4418AE-899E-4842-96D9-72EDDCF69CEF}.Release|Any CPU.ActiveCfg = Release|Any CPU
		{3F4418AE-899E-4842-96D9-72EDDCF69CEF}.Release|Any CPU.Build.0 = Release|Any CPU
		{DDE1C83F-163E-429C-B928-E1875289B87C}.Debug|Any CPU.ActiveCfg = Debug|Any CPU
		{DDE1C83F-163E-429C-B928-E1875289B87C}.Debug|Any CPU.Build.0 = Debug|Any CPU
		{DDE1C83F-163E-429C-B928-E1875289B87C}.Release|Any CPU.ActiveCfg = Release|Any CPU
		{DDE1C83F-163E-429C-B928-E1875289B87C}.Release|Any CPU.Build.0 = Release|Any CPU
	EndGlobalSection
	GlobalSection(SolutionProperties) = preSolution
		HideSolutionNode = FALSE
	EndGlobalSection
	GlobalSection(ExtensibilityGlobals) = postSolution
		SolutionGuid = {793A69E0-6668-4D9B-9B44-CEE3AEDD25B3}
	EndGlobalSection
EndGlobal
